
Microsoft Visual Studio Solution File, Format Version 12.00
# Visual Studio Version 16
VisualStudioVersion = 25.0.1700.0
MinimumVisualStudioVersion = 10.0.40219.1
Project("{FAE04EC0-301F-11D3-BF4B-00C04F79EFBC}") = "RealworldBackendFastendpoints", "RealworldBackendFastendpoints.csproj", "{DAECFC68-E6B1-4611-A08E-6DA7FEC5E7E2}"
EndProject
Global
	GlobalSection(SolutionConfigurationPlatforms) = preSolution
		Debug|Any CPU = Debug|Any CPU
		Release|Any CPU = Release|Any CPU
	EndGlobalSection
	GlobalSection(ProjectConfigurationPlatforms) = postSolution
		{DAECFC68-E6B1-4611-A08E-6DA7FEC5E7E2}.Debug|Any CPU.ActiveCfg = Debug|Any CPU
		{DAECFC68-E6B1-4611-A08E-6DA7FEC5E7E2}.Debug|Any CPU.Build.0 = Debug|Any CPU
		{DAECFC68-E6B1-4611-A08E-6DA7FEC5E7E2}.Release|Any CPU.ActiveCfg = Release|Any CPU
		{DAECFC68-E6B1-4611-A08E-6DA7FEC5E7E2}.Release|Any CPU.Build.0 = Release|Any CPU
	EndGlobalSection
	GlobalSection(SolutionProperties) = preSolution
		HideSolutionNode = FALSE
	EndGlobalSection
	GlobalSection(ExtensibilityGlobals) = postSolution
		SolutionGuid = {D1A146E9-A408-4F28-ABFF-5F6D1DABE497}
	EndGlobalSection
EndGlobal
